
Microsoft Visual Studio Solution File, Format Version 12.00
# Visual Studio Version 17
VisualStudioVersion = 17.1.32319.34
MinimumVisualStudioVersion = 10.0.40219.1
Project("{9A19103F-16F7-4668-BE54-9A1E7A4F7556}") = "ThucTapSavis_Shared", "ThucTapSavis_Shared\ThucTapSavis_Shared.csproj", "{AF672F94-955E-4DB3-A0BD-EDD1209D86FE}"
EndProject
Project("{9A19103F-16F7-4668-BE54-9A1E7A4F7556}") = "ThucTapSavis_API", "ThucTapSavis_API\ThucTapSavis_API.csproj", "{019EB58B-CF2C-4D96-B5BF-D35C6FD8254C}"
EndProject
Project("{9A19103F-16F7-4668-BE54-9A1E7A4F7556}") = "ThucTapSavis_Client", "ThucTapSavis_Client\ThucTapSavis_Client.csproj", "{C2C38396-3DE7-4E25-880F-E533895F7F0B}"
EndProject
Global
	GlobalSection(SolutionConfigurationPlatforms) = preSolution
		Debug|Any CPU = Debug|Any CPU
		Release|Any CPU = Release|Any CPU
	EndGlobalSection
	GlobalSection(ProjectConfigurationPlatforms) = postSolution
		{AF672F94-955E-4DB3-A0BD-EDD1209D86FE}.Debug|Any CPU.ActiveCfg = Debug|Any CPU
		{AF672F94-955E-4DB3-A0BD-EDD1209D86FE}.Debug|Any CPU.Build.0 = Debug|Any CPU
		{AF672F94-955E-4DB3-A0BD-EDD1209D86FE}.Release|Any CPU.ActiveCfg = Release|Any CPU
		{AF672F94-955E-4DB3-A0BD-EDD1209D86FE}.Release|Any CPU.Build.0 = Release|Any CPU
		{019EB58B-CF2C-4D96-B5BF-D35C6FD8254C}.Debug|Any CPU.ActiveCfg = Debug|Any CPU
		{019EB58B-CF2C-4D96-B5BF-D35C6FD8254C}.Debug|Any CPU.Build.0 = Debug|Any CPU
		{019EB58B-CF2C-4D96-B5BF-D35C6FD8254C}.Release|Any CPU.ActiveCfg = Release|Any CPU
		{019EB58B-CF2C-4D96-B5BF-D35C6FD8254C}.Release|Any CPU.Build.0 = Release|Any CPU
		{C2C38396-3DE7-4E25-880F-E533895F7F0B}.Debug|Any CPU.ActiveCfg = Debug|Any CPU
		{C2C38396-3DE7-4E25-880F-E533895F7F0B}.Debug|Any CPU.Build.0 = Debug|Any CPU
		{C2C38396-3DE7-4E25-880F-E533895F7F0B}.Release|Any CPU.ActiveCfg = Release|Any CPU
		{C2C38396-3DE7-4E25-880F-E533895F7F0B}.Release|Any CPU.Build.0 = Release|Any CPU
	EndGlobalSection
	GlobalSection(SolutionProperties) = preSolution
		HideSolutionNode = FALSE
	EndGlobalSection
	GlobalSection(ExtensibilityGlobals) = postSolution
		SolutionGuid = {E38CF91E-7AB6-43AF-83B6-F24607947189}
	EndGlobalSection
EndGlobal
